{
  "version": "3",
  "packages": {
    "specifiers": {
      "npm:drizzle-kit@^0.20.12": "npm:drizzle-kit@0.20.12_esbuild@0.19.11",
      "npm:drizzle-orm@^0.29.3": "npm:drizzle-orm@0.29.3",
      "npm:postgres@^3.4.3": "npm:postgres@3.4.3"
    },
    "npm": {
      "@drizzle-team/studio@0.0.37": {
        "integrity": "sha512-LZyAPGJBX43jsrVZh7+w1Jig/BC6PJx63ReHUYK+GRQYNY9UJNlPXmn1uC/LMRX+A7JwYM4Sr4Fg/hnJSqlfgA==",
        "dependencies": {
          "superjson": "superjson@2.2.1"
        }
      },
      "@esbuild-kit/core-utils@3.3.2": {
        "integrity": "sha512-sPRAnw9CdSsRmEtnsl2WXWdyquogVpB3yZ3dgwJfe8zrOzTsV7cJvmwrKVa+0ma5BoiGJ+BoqkMvawbayKUsqQ==",
        "dependencies": {
          "esbuild": "esbuild@0.18.20",
          "source-map-support": "source-map-support@0.5.21"
        }
      },
      "@esbuild-kit/esm-loader@2.6.5": {
        "integrity": "sha512-FxEMIkJKnodyA1OaCUoEvbYRkoZlLZ4d/eXFu9Fh8CbBBgP5EmZxrfTRyN0qpXZ4vOvqnE5YdRdcrmUUXuU+dA==",
        "dependencies": {
          "@esbuild-kit/core-utils": "@esbuild-kit/core-utils@3.3.2",
          "get-tsconfig": "get-tsconfig@4.7.2"
        }
      },
      "@esbuild/aix-ppc64@0.19.11": {
        "integrity": "sha512-FnzU0LyE3ySQk7UntJO4+qIiQgI7KoODnZg5xzXIrFJlKd2P2gwHsHY4927xj9y5PJmJSzULiUCWmv7iWnNa7g==",
        "dependencies": {}
      },
      "@esbuild/android-arm64@0.18.20": {
        "integrity": "sha512-Nz4rJcchGDtENV0eMKUNa6L12zz2zBDXuhj/Vjh18zGqB44Bi7MBMSXjgunJgjRhCmKOjnPuZp4Mb6OKqtMHLQ==",
        "dependencies": {}
      },
      "@esbuild/android-arm64@0.19.11": {
        "integrity": "sha512-aiu7K/5JnLj//KOnOfEZ0D90obUkRzDMyqd/wNAUQ34m4YUPVhRZpnqKV9uqDGxT7cToSDnIHsGooyIczu9T+Q==",
        "dependencies": {}
      },
      "@esbuild/android-arm@0.18.20": {
        "integrity": "sha512-fyi7TDI/ijKKNZTUJAQqiG5T7YjJXgnzkURqmGj13C6dCqckZBLdl4h7bkhHt/t0WP+zO9/zwroDvANaOqO5Sw==",
        "dependencies": {}
      },
      "@esbuild/android-arm@0.19.11": {
        "integrity": "sha512-5OVapq0ClabvKvQ58Bws8+wkLCV+Rxg7tUVbo9xu034Nm536QTII4YzhaFriQ7rMrorfnFKUsArD2lqKbFY4vw==",
        "dependencies": {}
      },
      "@esbuild/android-x64@0.18.20": {
        "integrity": "sha512-8GDdlePJA8D6zlZYJV/jnrRAi6rOiNaCC/JclcXpB+KIuvfBN4owLtgzY2bsxnx666XjJx2kDPUmnTtR8qKQUg==",
        "dependencies": {}
      },
      "@esbuild/android-x64@0.19.11": {
        "integrity": "sha512-eccxjlfGw43WYoY9QgB82SgGgDbibcqyDTlk3l3C0jOVHKxrjdc9CTwDUQd0vkvYg5um0OH+GpxYvp39r+IPOg==",
        "dependencies": {}
      },
      "@esbuild/darwin-arm64@0.18.20": {
        "integrity": "sha512-bxRHW5kHU38zS2lPTPOyuyTm+S+eobPUnTNkdJEfAddYgEcll4xkT8DB9d2008DtTbl7uJag2HuE5NZAZgnNEA==",
        "dependencies": {}
      },
      "@esbuild/darwin-arm64@0.19.11": {
        "integrity": "sha512-ETp87DRWuSt9KdDVkqSoKoLFHYTrkyz2+65fj9nfXsaV3bMhTCjtQfw3y+um88vGRKRiF7erPrh/ZuIdLUIVxQ==",
        "dependencies": {}
      },
      "@esbuild/darwin-x64@0.18.20": {
        "integrity": "sha512-pc5gxlMDxzm513qPGbCbDukOdsGtKhfxD1zJKXjCCcU7ju50O7MeAZ8c4krSJcOIJGFR+qx21yMMVYwiQvyTyQ==",
        "dependencies": {}
      },
      "@esbuild/darwin-x64@0.19.11": {
        "integrity": "sha512-fkFUiS6IUK9WYUO/+22omwetaSNl5/A8giXvQlcinLIjVkxwTLSktbF5f/kJMftM2MJp9+fXqZ5ezS7+SALp4g==",
        "dependencies": {}
      },
      "@esbuild/freebsd-arm64@0.18.20": {
        "integrity": "sha512-yqDQHy4QHevpMAaxhhIwYPMv1NECwOvIpGCZkECn8w2WFHXjEwrBn3CeNIYsibZ/iZEUemj++M26W3cNR5h+Tw==",
        "dependencies": {}
      },
      "@esbuild/freebsd-arm64@0.19.11": {
        "integrity": "sha512-lhoSp5K6bxKRNdXUtHoNc5HhbXVCS8V0iZmDvyWvYq9S5WSfTIHU2UGjcGt7UeS6iEYp9eeymIl5mJBn0yiuxA==",
        "dependencies": {}
      },
      "@esbuild/freebsd-x64@0.18.20": {
        "integrity": "sha512-tgWRPPuQsd3RmBZwarGVHZQvtzfEBOreNuxEMKFcd5DaDn2PbBxfwLcj4+aenoh7ctXcbXmOQIn8HI6mCSw5MQ==",
        "dependencies": {}
      },
      "@esbuild/freebsd-x64@0.19.11": {
        "integrity": "sha512-JkUqn44AffGXitVI6/AbQdoYAq0TEullFdqcMY/PCUZ36xJ9ZJRtQabzMA+Vi7r78+25ZIBosLTOKnUXBSi1Kw==",
        "dependencies": {}
      },
      "@esbuild/linux-arm64@0.18.20": {
        "integrity": "sha512-2YbscF+UL7SQAVIpnWvYwM+3LskyDmPhe31pE7/aoTMFKKzIc9lLbyGUpmmb8a8AixOL61sQ/mFh3jEjHYFvdA==",
        "dependencies": {}
      },
      "@esbuild/linux-arm64@0.19.11": {
        "integrity": "sha512-LneLg3ypEeveBSMuoa0kwMpCGmpu8XQUh+mL8XXwoYZ6Be2qBnVtcDI5azSvh7vioMDhoJFZzp9GWp9IWpYoUg==",
        "dependencies": {}
      },
      "@esbuild/linux-arm@0.18.20": {
        "integrity": "sha512-/5bHkMWnq1EgKr1V+Ybz3s1hWXok7mDFUMQ4cG10AfW3wL02PSZi5kFpYKrptDsgb2WAJIvRcDm+qIvXf/apvg==",
        "dependencies": {}
      },
      "@esbuild/linux-arm@0.19.11": {
        "integrity": "sha512-3CRkr9+vCV2XJbjwgzjPtO8T0SZUmRZla+UL1jw+XqHZPkPgZiyWvbDvl9rqAN8Zl7qJF0O/9ycMtjU67HN9/Q==",
        "dependencies": {}
      },
      "@esbuild/linux-ia32@0.18.20": {
        "integrity": "sha512-P4etWwq6IsReT0E1KHU40bOnzMHoH73aXp96Fs8TIT6z9Hu8G6+0SHSw9i2isWrD2nbx2qo5yUqACgdfVGx7TA==",
        "dependencies": {}
      },
      "@esbuild/linux-ia32@0.19.11": {
        "integrity": "sha512-caHy++CsD8Bgq2V5CodbJjFPEiDPq8JJmBdeyZ8GWVQMjRD0sU548nNdwPNvKjVpamYYVL40AORekgfIubwHoA==",
        "dependencies": {}
      },
      "@esbuild/linux-loong64@0.18.20": {
        "integrity": "sha512-nXW8nqBTrOpDLPgPY9uV+/1DjxoQ7DoB2N8eocyq8I9XuqJ7BiAMDMf9n1xZM9TgW0J8zrquIb/A7s3BJv7rjg==",
        "dependencies": {}
      },
      "@esbuild/linux-loong64@0.19.11": {
        "integrity": "sha512-ppZSSLVpPrwHccvC6nQVZaSHlFsvCQyjnvirnVjbKSHuE5N24Yl8F3UwYUUR1UEPaFObGD2tSvVKbvR+uT1Nrg==",
        "dependencies": {}
      },
      "@esbuild/linux-mips64el@0.18.20": {
        "integrity": "sha512-d5NeaXZcHp8PzYy5VnXV3VSd2D328Zb+9dEq5HE6bw6+N86JVPExrA6O68OPwobntbNJ0pzCpUFZTo3w0GyetQ==",
        "dependencies": {}
      },
      "@esbuild/linux-mips64el@0.19.11": {
        "integrity": "sha512-B5x9j0OgjG+v1dF2DkH34lr+7Gmv0kzX6/V0afF41FkPMMqaQ77pH7CrhWeR22aEeHKaeZVtZ6yFwlxOKPVFyg==",
        "dependencies": {}
      },
      "@esbuild/linux-ppc64@0.18.20": {
        "integrity": "sha512-WHPyeScRNcmANnLQkq6AfyXRFr5D6N2sKgkFo2FqguP44Nw2eyDlbTdZwd9GYk98DZG9QItIiTlFLHJHjxP3FA==",
        "dependencies": {}
      },
      "@esbuild/linux-ppc64@0.19.11": {
        "integrity": "sha512-MHrZYLeCG8vXblMetWyttkdVRjQlQUb/oMgBNurVEnhj4YWOr4G5lmBfZjHYQHHN0g6yDmCAQRR8MUHldvvRDA==",
        "dependencies": {}
      },
      "@esbuild/linux-riscv64@0.18.20": {
        "integrity": "sha512-WSxo6h5ecI5XH34KC7w5veNnKkju3zBRLEQNY7mv5mtBmrP/MjNBCAlsM2u5hDBlS3NGcTQpoBvRzqBcRtpq1A==",
        "dependencies": {}
      },
      "@esbuild/linux-riscv64@0.19.11": {
        "integrity": "sha512-f3DY++t94uVg141dozDu4CCUkYW+09rWtaWfnb3bqe4w5NqmZd6nPVBm+qbz7WaHZCoqXqHz5p6CM6qv3qnSSQ==",
        "dependencies": {}
      },
      "@esbuild/linux-s390x@0.18.20": {
        "integrity": "sha512-+8231GMs3mAEth6Ja1iK0a1sQ3ohfcpzpRLH8uuc5/KVDFneH6jtAJLFGafpzpMRO6DzJ6AvXKze9LfFMrIHVQ==",
        "dependencies": {}
      },
      "@esbuild/linux-s390x@0.19.11": {
        "integrity": "sha512-A5xdUoyWJHMMlcSMcPGVLzYzpcY8QP1RtYzX5/bS4dvjBGVxdhuiYyFwp7z74ocV7WDc0n1harxmpq2ePOjI0Q==",
        "dependencies": {}
      },
      "@esbuild/linux-x64@0.18.20": {
        "integrity": "sha512-UYqiqemphJcNsFEskc73jQ7B9jgwjWrSayxawS6UVFZGWrAAtkzjxSqnoclCXxWtfwLdzU+vTpcNYhpn43uP1w==",
        "dependencies": {}
      },
      "@esbuild/linux-x64@0.19.11": {
        "integrity": "sha512-grbyMlVCvJSfxFQUndw5mCtWs5LO1gUlwP4CDi4iJBbVpZcqLVT29FxgGuBJGSzyOxotFG4LoO5X+M1350zmPA==",
        "dependencies": {}
      },
      "@esbuild/netbsd-x64@0.18.20": {
        "integrity": "sha512-iO1c++VP6xUBUmltHZoMtCUdPlnPGdBom6IrO4gyKPFFVBKioIImVooR5I83nTew5UOYrk3gIJhbZh8X44y06A==",
        "dependencies": {}
      },
      "@esbuild/netbsd-x64@0.19.11": {
        "integrity": "sha512-13jvrQZJc3P230OhU8xgwUnDeuC/9egsjTkXN49b3GcS5BKvJqZn86aGM8W9pd14Kd+u7HuFBMVtrNGhh6fHEQ==",
        "dependencies": {}
      },
      "@esbuild/openbsd-x64@0.18.20": {
        "integrity": "sha512-e5e4YSsuQfX4cxcygw/UCPIEP6wbIL+se3sxPdCiMbFLBWu0eiZOJ7WoD+ptCLrmjZBK1Wk7I6D/I3NglUGOxg==",
        "dependencies": {}
      },
      "@esbuild/openbsd-x64@0.19.11": {
        "integrity": "sha512-ysyOGZuTp6SNKPE11INDUeFVVQFrhcNDVUgSQVDzqsqX38DjhPEPATpid04LCoUr2WXhQTEZ8ct/EgJCUDpyNw==",
        "dependencies": {}
      },
      "@esbuild/sunos-x64@0.18.20": {
        "integrity": "sha512-kDbFRFp0YpTQVVrqUd5FTYmWo45zGaXe0X8E1G/LKFC0v8x0vWrhOWSLITcCn63lmZIxfOMXtCfti/RxN/0wnQ==",
        "dependencies": {}
      },
      "@esbuild/sunos-x64@0.19.11": {
        "integrity": "sha512-Hf+Sad9nVwvtxy4DXCZQqLpgmRTQqyFyhT3bZ4F2XlJCjxGmRFF0Shwn9rzhOYRB61w9VMXUkxlBy56dk9JJiQ==",
        "dependencies": {}
      },
      "@esbuild/win32-arm64@0.18.20": {
        "integrity": "sha512-ddYFR6ItYgoaq4v4JmQQaAI5s7npztfV4Ag6NrhiaW0RrnOXqBkgwZLofVTlq1daVTQNhtI5oieTvkRPfZrePg==",
        "dependencies": {}
      },
      "@esbuild/win32-arm64@0.19.11": {
        "integrity": "sha512-0P58Sbi0LctOMOQbpEOvOL44Ne0sqbS0XWHMvvrg6NE5jQ1xguCSSw9jQeUk2lfrXYsKDdOe6K+oZiwKPilYPQ==",
        "dependencies": {}
      },
      "@esbuild/win32-ia32@0.18.20": {
        "integrity": "sha512-Wv7QBi3ID/rROT08SABTS7eV4hX26sVduqDOTe1MvGMjNd3EjOz4b7zeexIR62GTIEKrfJXKL9LFxTYgkyeu7g==",
        "dependencies": {}
      },
      "@esbuild/win32-ia32@0.19.11": {
        "integrity": "sha512-6YOrWS+sDJDmshdBIQU+Uoyh7pQKrdykdefC1avn76ss5c+RN6gut3LZA4E2cH5xUEp5/cA0+YxRaVtRAb0xBg==",
        "dependencies": {}
      },
      "@esbuild/win32-x64@0.18.20": {
        "integrity": "sha512-kTdfRcSiDfQca/y9QIkng02avJ+NCaQvrMejlsB3RRv5sE9rRoeBPISaZpKxHELzRxZyLvNts1P27W3wV+8geQ==",
        "dependencies": {}
      },
      "@esbuild/win32-x64@0.19.11": {
        "integrity": "sha512-vfkhltrjCAb603XaFhqhAF4LGDi2M4OrCRrFusyQ+iTLQ/o60QQXxc9cZC/FFpihBI9N1Grn6SMKVJ4KP7Fuiw==",
        "dependencies": {}
      },
      "balanced-match@1.0.2": {
        "integrity": "sha512-3oSeUO0TMV67hN1AmbXsK4yaqU7tjiHlbxRDZOpH0KW9+CeX4bRAaX0Anxt0tx2MrpRpWwQaPwIlISEJhYU5Pw==",
        "dependencies": {}
      },
      "brace-expansion@2.0.1": {
        "integrity": "sha512-XnAIvQ8eM+kC6aULx6wuQiwVsnzsi9d3WxzV3FpWTGA19F621kwdbsAcFKXgKUHZWsy+mY6iL1sHTxWEFCytDA==",
        "dependencies": {
          "balanced-match": "balanced-match@1.0.2"
        }
      },
      "buffer-from@1.1.2": {
        "integrity": "sha512-E+XQCRwSbaaiChtv6k6Dwgc+bx+Bs6vuKJHHl5kox/BaKbhiXzqQOwK4cO22yElGp2OCmjwVhT3HmxgyPGnJfQ==",
        "dependencies": {}
      },
      "camelcase@7.0.1": {
        "integrity": "sha512-xlx1yCK2Oc1APsPXDL2LdlNP6+uu8OCDdhOBSVT279M/S+y75O30C2VuD8T2ogdePBBl7PfPF4504tnLgX3zfw==",
        "dependencies": {}
      },
      "chalk@5.3.0": {
        "integrity": "sha512-dLitG79d+GV1Nb/VYcCDFivJeK1hiukt9QjRNVOsUtTy1rR1YJsmpGGTZ3qJos+uw7WmWF4wUwBd9jxjocFC2w==",
        "dependencies": {}
      },
      "cli-color@2.0.3": {
        "integrity": "sha512-OkoZnxyC4ERN3zLzZaY9Emb7f/MhBOIpePv0Ycok0fJYT+Ouo00UBEIwsVsr0yoow++n5YWlSUgST9GKhNHiRQ==",
        "dependencies": {
          "d": "d@1.0.1",
          "es5-ext": "es5-ext@0.10.62",
          "es6-iterator": "es6-iterator@2.0.3",
          "memoizee": "memoizee@0.4.15",
          "timers-ext": "timers-ext@0.1.7"
        }
      },
      "commander@9.5.0": {
        "integrity": "sha512-KRs7WVDKg86PWiuAqhDrAQnTXZKraVcCc6vFdL14qrZ/DcWwuRo7VoiYXalXO7S5GKpqYiVEwCbgFDfxNHKJBQ==",
        "dependencies": {}
      },
      "copy-anything@3.0.5": {
        "integrity": "sha512-yCEafptTtb4bk7GLEQoM8KVJpxAfdBJYaXyzQEgQQQgYrZiDp8SJmGKlYza6CYjEDNstAdNdKA3UuoULlEbS6w==",
        "dependencies": {
          "is-what": "is-what@4.1.16"
        }
      },
      "d@1.0.1": {
        "integrity": "sha512-m62ShEObQ39CfralilEQRjH6oAMtNCV1xJyEx5LpRYUVN+EviphDgUc/F3hnYbADmkiNs67Y+3ylmlG7Lnu+FA==",
        "dependencies": {
          "es5-ext": "es5-ext@0.10.62",
          "type": "type@1.2.0"
        }
      },
      "debug@4.3.4": {
        "integrity": "sha512-PRWFHuSU3eDtQJPvnNY7Jcket1j0t5OuOsFzPPzsekD52Zl8qUfFIPEiswXqIvHWGVHOgX+7G/vCNNhehwxfkQ==",
        "dependencies": {
          "ms": "ms@2.1.2"
        }
      },
      "difflib@0.2.4": {
        "integrity": "sha512-9YVwmMb0wQHQNr5J9m6BSj6fk4pfGITGQOOs+D9Fl+INODWFOfvhIU1hNv6GgR1RBoC/9NJcwu77zShxV0kT7w==",
        "dependencies": {
          "heap": "heap@0.2.7"
        }
      },
      "dreamopt@0.8.0": {
        "integrity": "sha512-vyJTp8+mC+G+5dfgsY+r3ckxlz+QMX40VjPQsZc5gxVAxLmi64TBoVkP54A/pRAXMXsbu2GMMBrZPxNv23waMg==",
        "dependencies": {
          "wordwrap": "wordwrap@1.0.0"
        }
      },
      "drizzle-kit@0.20.12_esbuild@0.19.11": {
        "integrity": "sha512-JWJposyEO6QvGIdvj0CmnJK5sMWW9j5HPiGnRIKvYNaAfZEHbmWlemxV2np7g2FZzSvuzwpa9EGmO20PaPeUmA==",
        "dependencies": {
          "@drizzle-team/studio": "@drizzle-team/studio@0.0.37",
          "@esbuild-kit/esm-loader": "@esbuild-kit/esm-loader@2.6.5",
          "camelcase": "camelcase@7.0.1",
          "chalk": "chalk@5.3.0",
          "commander": "commander@9.5.0",
          "env-paths": "env-paths@3.0.0",
          "esbuild": "esbuild@0.19.11",
          "esbuild-register": "esbuild-register@3.5.0_esbuild@0.19.11",
          "glob": "glob@8.1.0",
          "hanji": "hanji@0.0.5",
          "json-diff": "json-diff@0.9.0",
          "minimatch": "minimatch@7.4.6",
          "semver": "semver@7.5.4",
          "zod": "zod@3.22.4"
        }
      },
      "drizzle-orm@0.29.3": {
        "integrity": "sha512-uSE027csliGSGYD0pqtM+SAQATMREb3eSM/U8s6r+Y0RFwTKwftnwwSkqx3oS65UBgqDOM0gMTl5UGNpt6lW0A==",
        "dependencies": {}
      },
      "env-paths@3.0.0": {
        "integrity": "sha512-dtJUTepzMW3Lm/NPxRf3wP4642UWhjL2sQxc+ym2YMj1m/H2zDNQOlezafzkHwn6sMstjHTwG6iQQsctDW/b1A==",
        "dependencies": {}
      },
      "es5-ext@0.10.62": {
        "integrity": "sha512-BHLqn0klhEpnOKSrzn/Xsz2UIW8j+cGmo9JLzr8BiUapV8hPL9+FliFqjwr9ngW7jWdnxv6eO+/LqyhJVqgrjA==",
        "dependencies": {
          "es6-iterator": "es6-iterator@2.0.3",
          "es6-symbol": "es6-symbol@3.1.3",
          "next-tick": "next-tick@1.1.0"
        }
      },
      "es6-iterator@2.0.3": {
        "integrity": "sha512-zw4SRzoUkd+cl+ZoE15A9o1oQd920Bb0iOJMQkQhl3jNc03YqVjAhG7scf9C5KWRU/R13Orf588uCC6525o02g==",
        "dependencies": {
          "d": "d@1.0.1",
          "es5-ext": "es5-ext@0.10.62",
          "es6-symbol": "es6-symbol@3.1.3"
        }
      },
      "es6-symbol@3.1.3": {
        "integrity": "sha512-NJ6Yn3FuDinBaBRWl/q5X/s4koRHBrgKAu+yGI6JCBeiu3qrcbJhwT2GeR/EXVfylRk8dpQVJoLEFhK+Mu31NA==",
        "dependencies": {
          "d": "d@1.0.1",
          "ext": "ext@1.7.0"
        }
      },
      "es6-weak-map@2.0.3": {
        "integrity": "sha512-p5um32HOTO1kP+w7PRnB+5lQ43Z6muuMuIMffvDN8ZB4GcnjLBV6zGStpbASIMk4DCAvEaamhe2zhyCb/QXXsA==",
        "dependencies": {
          "d": "d@1.0.1",
          "es5-ext": "es5-ext@0.10.62",
          "es6-iterator": "es6-iterator@2.0.3",
          "es6-symbol": "es6-symbol@3.1.3"
        }
      },
      "esbuild-register@3.5.0_esbuild@0.19.11": {
        "integrity": "sha512-+4G/XmakeBAsvJuDugJvtyF1x+XJT4FMocynNpxrvEBViirpfUn2PgNpCHedfWhF4WokNsO/OvMKrmJOIJsI5A==",
        "dependencies": {
          "debug": "debug@4.3.4",
          "esbuild": "esbuild@0.19.11"
        }
      },
      "esbuild@0.18.20": {
        "integrity": "sha512-ceqxoedUrcayh7Y7ZX6NdbbDzGROiyVBgC4PriJThBKSVPWnnFHZAkfI1lJT8QFkOwH4qOS2SJkS4wvpGl8BpA==",
        "dependencies": {
          "@esbuild/android-arm": "@esbuild/android-arm@0.18.20",
          "@esbuild/android-arm64": "@esbuild/android-arm64@0.18.20",
          "@esbuild/android-x64": "@esbuild/android-x64@0.18.20",
          "@esbuild/darwin-arm64": "@esbuild/darwin-arm64@0.18.20",
          "@esbuild/darwin-x64": "@esbuild/darwin-x64@0.18.20",
          "@esbuild/freebsd-arm64": "@esbuild/freebsd-arm64@0.18.20",
          "@esbuild/freebsd-x64": "@esbuild/freebsd-x64@0.18.20",
          "@esbuild/linux-arm": "@esbuild/linux-arm@0.18.20",
          "@esbuild/linux-arm64": "@esbuild/linux-arm64@0.18.20",
          "@esbuild/linux-ia32": "@esbuild/linux-ia32@0.18.20",
          "@esbuild/linux-loong64": "@esbuild/linux-loong64@0.18.20",
          "@esbuild/linux-mips64el": "@esbuild/linux-mips64el@0.18.20",
          "@esbuild/linux-ppc64": "@esbuild/linux-ppc64@0.18.20",
          "@esbuild/linux-riscv64": "@esbuild/linux-riscv64@0.18.20",
          "@esbuild/linux-s390x": "@esbuild/linux-s390x@0.18.20",
          "@esbuild/linux-x64": "@esbuild/linux-x64@0.18.20",
          "@esbuild/netbsd-x64": "@esbuild/netbsd-x64@0.18.20",
          "@esbuild/openbsd-x64": "@esbuild/openbsd-x64@0.18.20",
          "@esbuild/sunos-x64": "@esbuild/sunos-x64@0.18.20",
          "@esbuild/win32-arm64": "@esbuild/win32-arm64@0.18.20",
          "@esbuild/win32-ia32": "@esbuild/win32-ia32@0.18.20",
          "@esbuild/win32-x64": "@esbuild/win32-x64@0.18.20"
        }
      },
      "esbuild@0.19.11": {
        "integrity": "sha512-HJ96Hev2hX/6i5cDVwcqiJBBtuo9+FeIJOtZ9W1kA5M6AMJRHUZlpYZ1/SbEwtO0ioNAW8rUooVpC/WehY2SfA==",
        "dependencies": {
          "@esbuild/aix-ppc64": "@esbuild/aix-ppc64@0.19.11",
          "@esbuild/android-arm": "@esbuild/android-arm@0.19.11",
          "@esbuild/android-arm64": "@esbuild/android-arm64@0.19.11",
          "@esbuild/android-x64": "@esbuild/android-x64@0.19.11",
          "@esbuild/darwin-arm64": "@esbuild/darwin-arm64@0.19.11",
          "@esbuild/darwin-x64": "@esbuild/darwin-x64@0.19.11",
          "@esbuild/freebsd-arm64": "@esbuild/freebsd-arm64@0.19.11",
          "@esbuild/freebsd-x64": "@esbuild/freebsd-x64@0.19.11",
          "@esbuild/linux-arm": "@esbuild/linux-arm@0.19.11",
          "@esbuild/linux-arm64": "@esbuild/linux-arm64@0.19.11",
          "@esbuild/linux-ia32": "@esbuild/linux-ia32@0.19.11",
          "@esbuild/linux-loong64": "@esbuild/linux-loong64@0.19.11",
          "@esbuild/linux-mips64el": "@esbuild/linux-mips64el@0.19.11",
          "@esbuild/linux-ppc64": "@esbuild/linux-ppc64@0.19.11",
          "@esbuild/linux-riscv64": "@esbuild/linux-riscv64@0.19.11",
          "@esbuild/linux-s390x": "@esbuild/linux-s390x@0.19.11",
          "@esbuild/linux-x64": "@esbuild/linux-x64@0.19.11",
          "@esbuild/netbsd-x64": "@esbuild/netbsd-x64@0.19.11",
          "@esbuild/openbsd-x64": "@esbuild/openbsd-x64@0.19.11",
          "@esbuild/sunos-x64": "@esbuild/sunos-x64@0.19.11",
          "@esbuild/win32-arm64": "@esbuild/win32-arm64@0.19.11",
          "@esbuild/win32-ia32": "@esbuild/win32-ia32@0.19.11",
          "@esbuild/win32-x64": "@esbuild/win32-x64@0.19.11"
        }
      },
      "event-emitter@0.3.5": {
        "integrity": "sha512-D9rRn9y7kLPnJ+hMq7S/nhvoKwwvVJahBi2BPmx3bvbsEdK3W9ii8cBSGjP+72/LnM4n6fo3+dkCX5FeTQruXA==",
        "dependencies": {
          "d": "d@1.0.1",
          "es5-ext": "es5-ext@0.10.62"
        }
      },
      "ext@1.7.0": {
        "integrity": "sha512-6hxeJYaL110a9b5TEJSj0gojyHQAmA2ch5Os+ySCiA1QGdS697XWY1pzsrSjqA9LDEEgdB/KypIlR59RcLuHYw==",
        "dependencies": {
          "type": "type@2.7.2"
        }
      },
      "fs.realpath@1.0.0": {
        "integrity": "sha512-OO0pH2lK6a0hZnAdau5ItzHPI6pUlvI7jMVnxUQRtw4owF2wk8lOSabtGDCTP4Ggrg2MbGnWO9X8K1t4+fGMDw==",
        "dependencies": {}
      },
      "get-tsconfig@4.7.2": {
        "integrity": "sha512-wuMsz4leaj5hbGgg4IvDU0bqJagpftG5l5cXIAvo8uZrqn0NJqwtfupTN00VnkQJPcIRrxYrm1Ue24btpCha2A==",
        "dependencies": {
          "resolve-pkg-maps": "resolve-pkg-maps@1.0.0"
        }
      },
      "glob@8.1.0": {
        "integrity": "sha512-r8hpEjiQEYlF2QU0df3dS+nxxSIreXQS1qRhMJM0Q5NDdR386C7jb7Hwwod8Fgiuex+k0GFjgft18yvxm5XoCQ==",
        "dependencies": {
          "fs.realpath": "fs.realpath@1.0.0",
          "inflight": "inflight@1.0.6",
          "inherits": "inherits@2.0.4",
          "minimatch": "minimatch@5.1.6",
          "once": "once@1.4.0"
        }
      },
      "hanji@0.0.5": {
        "integrity": "sha512-Abxw1Lq+TnYiL4BueXqMau222fPSPMFtya8HdpWsz/xVAhifXou71mPh/kY2+08RgFcVccjG3uZHs6K5HAe3zw==",
        "dependencies": {
          "lodash.throttle": "lodash.throttle@4.1.1",
          "sisteransi": "sisteransi@1.0.5"
        }
      },
      "heap@0.2.7": {
        "integrity": "sha512-2bsegYkkHO+h/9MGbn6KWcE45cHZgPANo5LXF7EvWdT0yT2EguSVO1nDgU5c8+ZOPwp2vMNa7YFsJhVcDR9Sdg==",
        "dependencies": {}
      },
      "inflight@1.0.6": {
        "integrity": "sha512-k92I/b08q4wvFscXCLvqfsHCrjrF7yiXsQuIVvVE7N82W3+aqpzuUdBbfhWcy/FZR3/4IgflMgKLOsvPDrGCJA==",
        "dependencies": {
          "once": "once@1.4.0",
          "wrappy": "wrappy@1.0.2"
        }
      },
      "inherits@2.0.4": {
        "integrity": "sha512-k/vGaX4/Yla3WzyMCvTQOXYeIHvqOKtnqBduzTHpzpQZzAskKMhZ2K+EnBiSM9zGSoIFeMpXKxa4dYeZIQqewQ==",
        "dependencies": {}
      },
      "is-promise@2.2.2": {
        "integrity": "sha512-+lP4/6lKUBfQjZ2pdxThZvLUAafmZb8OAxFb8XXtiQmS35INgr85hdOGoEs124ez1FCnZJt6jau/T+alh58QFQ==",
        "dependencies": {}
      },
      "is-what@4.1.16": {
        "integrity": "sha512-ZhMwEosbFJkA0YhFnNDgTM4ZxDRsS6HqTo7qsZM08fehyRYIYa0yHu5R6mgo1n/8MgaPBXiPimPD77baVFYg+A==",
        "dependencies": {}
      },
      "json-diff@0.9.0": {
        "integrity": "sha512-cVnggDrVkAAA3OvFfHpFEhOnmcsUpleEKq4d4O8sQWWSH40MBrWstKigVB1kGrgLWzuom+7rRdaCsnBD6VyObQ==",
        "dependencies": {
          "cli-color": "cli-color@2.0.3",
          "difflib": "difflib@0.2.4",
          "dreamopt": "dreamopt@0.8.0"
        }
      },
      "lodash.throttle@4.1.1": {
        "integrity": "sha512-wIkUCfVKpVsWo3JSZlc+8MB5it+2AN5W8J7YVMST30UrvcQNZ1Okbj+rbVniijTWE6FGYy4XJq/rHkas8qJMLQ==",
        "dependencies": {}
      },
      "lru-cache@6.0.0": {
        "integrity": "sha512-Jo6dJ04CmSjuznwJSS3pUeWmd/H0ffTlkXXgwZi+eq1UCmqQwCh+eLsYOYCwY991i2Fah4h1BEMCx4qThGbsiA==",
        "dependencies": {
          "yallist": "yallist@4.0.0"
        }
      },
      "lru-queue@0.1.0": {
        "integrity": "sha512-BpdYkt9EvGl8OfWHDQPISVpcl5xZthb+XPsbELj5AQXxIC8IriDZIQYjBJPEm5rS420sjZ0TLEzRcq5KdBhYrQ==",
        "dependencies": {
          "es5-ext": "es5-ext@0.10.62"
        }
      },
      "memoizee@0.4.15": {
        "integrity": "sha512-UBWmJpLZd5STPm7PMUlOw/TSy972M+z8gcyQ5veOnSDRREz/0bmpyTfKt3/51DhEBqCZQn1udM/5flcSPYhkdQ==",
        "dependencies": {
          "d": "d@1.0.1",
          "es5-ext": "es5-ext@0.10.62",
          "es6-weak-map": "es6-weak-map@2.0.3",
          "event-emitter": "event-emitter@0.3.5",
          "is-promise": "is-promise@2.2.2",
          "lru-queue": "lru-queue@0.1.0",
          "next-tick": "next-tick@1.1.0",
          "timers-ext": "timers-ext@0.1.7"
        }
      },
      "minimatch@5.1.6": {
        "integrity": "sha512-lKwV/1brpG6mBUFHtb7NUmtABCb2WZZmm2wNiOA5hAb8VdCS4B3dtMWyvcoViccwAW/COERjXLt0zP1zXUN26g==",
        "dependencies": {
          "brace-expansion": "brace-expansion@2.0.1"
        }
      },
      "minimatch@7.4.6": {
        "integrity": "sha512-sBz8G/YjVniEz6lKPNpKxXwazJe4c19fEfV2GDMX6AjFz+MX9uDWIZW8XreVhkFW3fkIdTv/gxWr/Kks5FFAVw==",
        "dependencies": {
          "brace-expansion": "brace-expansion@2.0.1"
        }
      },
      "ms@2.1.2": {
        "integrity": "sha512-sGkPx+VjMtmA6MX27oA4FBFELFCZZ4S4XqeGOXCv68tT+jb3vk/RyaKWP0PTKyWtmLSM0b+adUTEvbs1PEaH2w==",
        "dependencies": {}
      },
      "next-tick@1.1.0": {
        "integrity": "sha512-CXdUiJembsNjuToQvxayPZF9Vqht7hewsvy2sOWafLvi2awflj9mOC6bHIg50orX8IJvWKY9wYQ/zB2kogPslQ==",
        "dependencies": {}
      },
      "once@1.4.0": {
        "integrity": "sha512-lNaJgI+2Q5URQBkccEKHTQOPaXdUxnZZElQTZY0MFUAuaEqe1E+Nyvgdz/aIyNi6Z9MzO5dv1H8n58/GELp3+w==",
        "dependencies": {
          "wrappy": "wrappy@1.0.2"
        }
      },
      "postgres@3.4.3": {
        "integrity": "sha512-iHJn4+M9vbTdHSdDzNkC0crHq+1CUdFhx+YqCE+SqWxPjm+Zu63jq7yZborOBF64c8pc58O5uMudyL1FQcHacA==",
        "dependencies": {}
      },
      "resolve-pkg-maps@1.0.0": {
        "integrity": "sha512-seS2Tj26TBVOC2NIc2rOe2y2ZO7efxITtLZcGSOnHHNOQ7CkiUBfw0Iw2ck6xkIhPwLhKNLS8BO+hEpngQlqzw==",
        "dependencies": {}
      },
      "semver@7.5.4": {
        "integrity": "sha512-1bCSESV6Pv+i21Hvpxp3Dx+pSD8lIPt8uVjRrxAUt/nbswYc+tK6Y2btiULjd4+fnq15PX+nqQDC7Oft7WkwcA==",
        "dependencies": {
          "lru-cache": "lru-cache@6.0.0"
        }
      },
      "sisteransi@1.0.5": {
        "integrity": "sha512-bLGGlR1QxBcynn2d5YmDX4MGjlZvy2MRBDRNHLJ8VI6l6+9FUiyTFNJ0IveOSP0bcXgVDPRcfGqA0pjaqUpfVg==",
        "dependencies": {}
      },
      "source-map-support@0.5.21": {
        "integrity": "sha512-uBHU3L3czsIyYXKX88fdrGovxdSCoTGDRZ6SYXtSRxLZUzHg5P/66Ht6uoUlHu9EZod+inXhKo3qQgwXUT/y1w==",
        "dependencies": {
          "buffer-from": "buffer-from@1.1.2",
          "source-map": "source-map@0.6.1"
        }
      },
      "source-map@0.6.1": {
        "integrity": "sha512-UjgapumWlbMhkBgzT7Ykc5YXUT46F0iKu8SGXq0bcwP5dz/h0Plj6enJqjz1Zbq2l5WaqYnrVbwWOWMyF3F47g==",
        "dependencies": {}
      },
      "superjson@2.2.1": {
        "integrity": "sha512-8iGv75BYOa0xRJHK5vRLEjE2H/i4lulTjzpUXic3Eg8akftYjkmQDa8JARQ42rlczXyFR3IeRoeFCc7RxHsYZA==",
        "dependencies": {
          "copy-anything": "copy-anything@3.0.5"
        }
      },
      "timers-ext@0.1.7": {
        "integrity": "sha512-b85NUNzTSdodShTIbky6ZF02e8STtVVfD+fu4aXXShEELpozH+bCpJLYMPZbsABN2wDH7fJpqIoXxJpzbf0NqQ==",
        "dependencies": {
          "es5-ext": "es5-ext@0.10.62",
          "next-tick": "next-tick@1.1.0"
        }
      },
      "type@1.2.0": {
        "integrity": "sha512-+5nt5AAniqsCnu2cEQQdpzCAh33kVx8n0VoFidKpB1dVVLAN/F+bgVOqOJqOnEnrhp222clB5p3vUlD+1QAnfg==",
        "dependencies": {}
      },
      "type@2.7.2": {
        "integrity": "sha512-dzlvlNlt6AXU7EBSfpAscydQ7gXB+pPGsPnfJnZpiNJBDj7IaJzQlBZYGdEi4R9HmPdBv2XmWJ6YUtoTa7lmCw==",
        "dependencies": {}
      },
      "wordwrap@1.0.0": {
        "integrity": "sha512-gvVzJFlPycKc5dZN4yPkP8w7Dc37BtP1yczEneOb4uq34pXZcvrtRTmWV8W+Ume+XCxKgbjM+nevkyFPMybd4Q==",
        "dependencies": {}
      },
      "wrappy@1.0.2": {
        "integrity": "sha512-l4Sp/DRseor9wL6EvV2+TuQn63dMkPjZ/sp9XkghTEbV9KlPS1xUsZ3u7/IQO4wxtcFB4bgpQPRcR3QCvezPcQ==",
        "dependencies": {}
      },
      "yallist@4.0.0": {
        "integrity": "sha512-3wdGidZyq5PB084XLES5TpOSRA3wjXAlIWMhum2kRcv/41Sn2emQ0dycQW4uZXLejwKvg6EsvbdlVL+FYEct7A==",
        "dependencies": {}
      },
      "zod@3.22.4": {
        "integrity": "sha512-iC+8Io04lddc+mVqQ9AZ7OQ2MrUKGN+oIQyq1vemgt46jwCwLfhq7/pwnBnNXXXZb8VTVLKwp9EDkx+ryxIWmg==",
        "dependencies": {}
      }
    }
  },
  "redirects": {
    "https://deno.land/x/denomander/mod.ts": "https://deno.land/x/denomander@0.9.3/mod.ts",
    "https://deno.land/x/hono/middleware.ts": "https://deno.land/x/hono@v3.12.4/middleware.ts"
  },
  "remote": {
    "https://deno.land/std@0.138.0/_util/assert.ts": "e94f2eb37cebd7f199952e242c77654e43333c1ac4c5c700e929ea3aa5489f74",
    "https://deno.land/std@0.138.0/flags/mod.ts": "019df8a63ed24df2d10be22e8983aa9253623e871228a2f8f328ff2d0404f7ef",
    "https://deno.land/std@0.138.0/fmt/colors.ts": "30455035d6d728394781c10755351742dd731e3db6771b1843f9b9e490104d37",
    "https://deno.land/std@0.138.0/testing/_diff.ts": "029a00560b0d534bc0046f1bce4bd36b3b41ada3f2a3178c85686eb2ff5f1413",
    "https://deno.land/std@0.138.0/testing/_format.ts": "0d8dc79eab15b67cdc532826213bbe05bccfd276ca473a50a3fc7bbfb7260642",
    "https://deno.land/std@0.138.0/testing/asserts.ts": "dc7ab67b635063989b4aec8620dbcc6fa7c2465f2d9c856bddf8c0e7b45b4481",
    "https://deno.land/x/denomander@0.9.3/deps.ts": "ee3eaf845a9837e38bfd660fd3521c85b3decc5f264b7c6e474627a46f87e9bf",
    "https://deno.land/x/denomander@0.9.3/mod.ts": "eb4b69cb286079982ac85c30591a2311047441f2bc2c9ad137f738843933965a",
    "https://deno.land/x/denomander@0.9.3/src/Arguments.ts": "597037e58244baa1d9acb216da77913d3a4e9885fafadc76929155a4f0a74298",
    "https://deno.land/x/denomander@0.9.3/src/Command.ts": "f27085b553809674dec027ffd5b8f4470730af8186856850ee9689c48cd0c095",
    "https://deno.land/x/denomander@0.9.3/src/CustomOption.ts": "22316399f71ce584d36e242643113456cf7d93b195b4667a3cf4c1e20c8847ae",
    "https://deno.land/x/denomander@0.9.3/src/Denomander.ts": "597491b5bfbb653ae5e05d0307cfb0c733615e7dbc3322b7da36523dd306ebd6",
    "https://deno.land/x/denomander@0.9.3/src/Executor.ts": "fa3a1132981369a97636af17139a316885e05810806498daf15a8197b0f032eb",
    "https://deno.land/x/denomander@0.9.3/src/Kernel.ts": "7800e95588c341ee46019991453f60e54e850a2d6293dbd81dfca3b212d2db47",
    "https://deno.land/x/denomander@0.9.3/src/Option.ts": "a272450bb3e814ee2ef1776f75c595e50230c3f56fd16c85809c122979dbf492",
    "https://deno.land/x/denomander@0.9.3/src/Validator.ts": "b7f56a2bd773ab52394bf0d7d8b47379331eead2dcd1282062c045bec215a020",
    "https://deno.land/x/denomander@0.9.3/src/printer/Printer.ts": "ff4b25a2c734322ea60ce43a7c66f39e28bb0b32ca105bcdf78e5741d0ecab60",
    "https://deno.land/x/denomander@0.9.3/src/printer/colors.ts": "ba785bf6a5975200e29fd120e34a78cf192b43fd25deed3b2516c05f833fc941",
    "https://deno.land/x/denomander@0.9.3/src/types/interfaces.ts": "1a64640a774f6a6a0c4f23aa3886b5e19acd07da7b72fa5365e3cd208457c704",
    "https://deno.land/x/denomander@0.9.3/src/types/types.ts": "8c575c785e522269e454f6130aea764d829d581566b06fc1fc87e3fce3779856",
    "https://deno.land/x/denomander@0.9.3/src/utils/detect.ts": "e20b93554e8d87126a0a813c247a53b8781c6a65bbd1ca0cd6526567e84f878a",
    "https://deno.land/x/denomander@0.9.3/src/utils/find.ts": "0a74d7a081a0c97ded180e5ce728bd1b156e7aaf67116713ddc4abe545e44ded",
    "https://deno.land/x/denomander@0.9.3/src/utils/print.ts": "6d6a6d86f14ced800bb1c49eed2d2ea20f5f33a922aba60659e221b4a7e942ff",
    "https://deno.land/x/denomander@0.9.3/src/utils/remove.ts": "e80f1d257f76cbcafafc855debe7274c59db319639b51aca63a63003e8cf1118",
    "https://deno.land/x/denomander@0.9.3/src/utils/set.ts": "a89fe0f27575cecd5f5fdaa6907f13a387a03c83b3ef66fd317d114f4dc0fe3e",
    "https://deno.land/x/denomander@0.9.3/src/utils/utils.ts": "fc29c3b267065685c45d24b3e597e67bee94b2b9d68b5739625051358fef541e",
    "https://deno.land/x/hono@v3.12.4/adapter/deno/serve-static.ts": "c1bbaf52e44d5eb0a159029c60ab2057d7735a8b3f7019263d46fb0ac6271329",
    "https://deno.land/x/hono@v3.12.4/client/client.ts": "9b3bddfd400d069d58320c3f475447d5e61f2c343adad402d5d36fa17f00b481",
    "https://deno.land/x/hono@v3.12.4/client/index.ts": "30def535310a37bede261f1b23d11a9758983b8e9d60a6c56309cee5f6746ab2",
    "https://deno.land/x/hono@v3.12.4/client/types.ts": "f274cd0930b73a05a2aee9e38d6dfdaf9ee89ae8589d4df7beee89e642dd5944",
    "https://deno.land/x/hono@v3.12.4/client/utils.ts": "053273c002963b549d38268a1b423ac8ca211a8028bdab1ed0b781a62aa5e661",
    "https://deno.land/x/hono@v3.12.4/compose.ts": "37d6e33b7db80e4c43a0629b12fd3a1e3406e7d9e62a4bfad4b30426ea7ae4f1",
    "https://deno.land/x/hono@v3.12.4/context.ts": "2c40b46d14f4fa7563d03ec7e75c6a251f8608546f9c75e097deab18fe6be1c1",
    "https://deno.land/x/hono@v3.12.4/helper/adapter/index.ts": "eea9b4caedbfa3a3b4a020bf46c88c0171a00008cd6c10708cd85a3e39d86e62",
    "https://deno.land/x/hono@v3.12.4/helper/cookie/index.ts": "a05ce7e3bafe1f8c7f45d04abf79822716011be75904fe1aad2e99126fd985b9",
    "https://deno.land/x/hono@v3.12.4/helper/html/index.ts": "701ed12b808e8c253247edc02c2c4b32261ae899e9c98f1427f7f6eaa8b7d1ce",
    "https://deno.land/x/hono@v3.12.4/hono-base.ts": "301b30b9db84c382a536e4f1969dac338cd67860a83ce0af82118c42278cc03d",
    "https://deno.land/x/hono@v3.12.4/hono.ts": "2cc4c292e541463a4d6f83edbcea58048d203e9564ae62ec430a3d466b49a865",
    "https://deno.land/x/hono@v3.12.4/http-exception.ts": "6071df078b5f76d279684d52fe82a590f447a64ffe1b75eb5064d0c8a8d2d676",
    "https://deno.land/x/hono@v3.12.4/jsx/components.ts": "b5b48d6aa6ea871c0ad5f0fc162d2dccc864ba2220586fe20a69cb3682145304",
    "https://deno.land/x/hono@v3.12.4/jsx/index.ts": "32fb017b6417d6aa408dc297b4178288851bdbc034abc8bfb51e9976d5425b25",
    "https://deno.land/x/hono@v3.12.4/jsx/intrinsic-elements.ts": "b1d22cfb6b08a13fda0de0071dbb8c830c3116add3d882bd2ce49f9ee030be66",
    "https://deno.land/x/hono@v3.12.4/jsx/streaming.ts": "034b0bf59f340dc2ec38215410346867721e811d05c40310363a3702121a908c",
    "https://deno.land/x/hono@v3.12.4/middleware.ts": "c88d51cc00818631da6b2aa1aae793ebeb7e0fa4984b2dfd390602bfa4c0dc14",
    "https://deno.land/x/hono@v3.12.4/middleware/basic-auth/index.ts": "5f88b1bc909d0db51fd72ec236db642271e3c597ac9ca2d8d191c0bb7d2ffdef",
    "https://deno.land/x/hono@v3.12.4/middleware/bearer-auth/index.ts": "1bfe631db1661cd342a2220614af5e21455ebea11b8c3ed5f6df7ef8d02b9a54",
    "https://deno.land/x/hono@v3.12.4/middleware/cache/index.ts": "ad29059c4bb269b84482694b8ef91846070f6dbf925be8e26693db67ffc188fc",
    "https://deno.land/x/hono@v3.12.4/middleware/compress/index.ts": "c053a4c9bb605f0320e014b513cfd44c6cbde6ed49373fd659fa02d697f9df17",
    "https://deno.land/x/hono@v3.12.4/middleware/cors/index.ts": "8ed6459d4d8990e5f398255aa139e3026f773abee8acd7e9dc1090fcf3f42e83",
    "https://deno.land/x/hono@v3.12.4/middleware/csrf/index.ts": "077bb0ce299d79d0d232cb9e462aaa4eaa901164f1310f74a7630f7e6cfe74e8",
    "https://deno.land/x/hono@v3.12.4/middleware/etag/index.ts": "3392aabea4d02dfec51455c5919bff9aad76538b9fde375dd542fbc3f389dd3a",
    "https://deno.land/x/hono@v3.12.4/middleware/jsx-renderer/index.ts": "8c12ac5b61608a4688e28794927990d1d07ca11de8b9e79bb85e33b1696d790c",
    "https://deno.land/x/hono@v3.12.4/middleware/jwt/index.ts": "2779850fc1e16a41da03ba93430a08439002fa8cc0e122ee6f444a98172bc891",
    "https://deno.land/x/hono@v3.12.4/middleware/logger/index.ts": "4baf9217b61f5e9e937c3e4e6cd87508c83603fcee77c33edba0a6ae2cc41ccd",
    "https://deno.land/x/hono@v3.12.4/middleware/powered-by/index.ts": "6faba0cf042278d60b317b690640bb0b58747690cf280fa09024424c5174e66d",
    "https://deno.land/x/hono@v3.12.4/middleware/pretty-json/index.ts": "2216ce4c9910be009fecac63367c3626b46137d4cf7cb9a82913e501104b4a88",
    "https://deno.land/x/hono@v3.12.4/middleware/secure-headers/index.ts": "05dfc8fbb94a565efbb55633090b81157e97f23393ff80a23e299ad7ac222e34",
    "https://deno.land/x/hono@v3.12.4/middleware/timing/index.ts": "241702aa10ab66cc832e8b556c57c236f3bf338a8817d802cb142eae0f852582",
    "https://deno.land/x/hono@v3.12.4/mod.ts": "90114a97be9111b348129ad0143e764a64921f60dd03b8f3da529db98a0d3a82",
    "https://deno.land/x/hono@v3.12.4/request.ts": "71a67261d14bba95e9a8b4782a1c1704d12d54a77390ce404741df15ab99a109",
    "https://deno.land/x/hono@v3.12.4/router.ts": "880316f561918fc197481755aac2165fdbe2f530b925c5357a9f98d6e2cc85c7",
    "https://deno.land/x/hono@v3.12.4/router/linear-router/index.ts": "8a2a7144c50b1f4a92d9ee99c2c396716af144c868e10608255f969695efccd0",
    "https://deno.land/x/hono@v3.12.4/router/linear-router/router.ts": "1366b3fada26e33c96b0f228aa7962b9c9801c4f484b3991b256aed2c005c668",
    "https://deno.land/x/hono@v3.12.4/router/pattern-router/index.ts": "304a66c50e243872037ed41c7dd79ed0c89d815e17e172e7ad7cdc4bc07d3383",
    "https://deno.land/x/hono@v3.12.4/router/pattern-router/router.ts": "a9a5a2a182cce8c3ae82139892cc0502be7dd8f579f31e76d0302b19b338e548",
    "https://deno.land/x/hono@v3.12.4/router/reg-exp-router/index.ts": "52755829213941756159b7a963097bafde5cc4fc22b13b1c7c9184dc0512d1db",
    "https://deno.land/x/hono@v3.12.4/router/reg-exp-router/node.ts": "5b3fb80411db04c65df066e69fedb2c8c0844753c2633d703336de84d569252c",
    "https://deno.land/x/hono@v3.12.4/router/reg-exp-router/router.ts": "c89a37b14c64518256d2fc216d9db7645e658235648762c3ad6e3fc6872a941c",
    "https://deno.land/x/hono@v3.12.4/router/reg-exp-router/trie.ts": "852ce7207e6701e47fa30889a0d2b8bfcd56d8862c97e7bc9831e0a64bd8835f",
    "https://deno.land/x/hono@v3.12.4/router/smart-router/index.ts": "74f9b4fe15ea535900f2b9b048581915f12fe94e531dd2b0032f5610e61c3bef",
    "https://deno.land/x/hono@v3.12.4/router/smart-router/router.ts": "f1848a2a1eefa316a11853ae12e749552747771fb8a11fe713ae04ea6461140b",
    "https://deno.land/x/hono@v3.12.4/router/trie-router/index.ts": "3eb75e7f71ba81801631b30de6b1f5cefb2c7239c03797e2b2cbab5085911b41",
    "https://deno.land/x/hono@v3.12.4/router/trie-router/node.ts": "0e5fe69756de5f45130ba6944e2158d51713e1229ec3eabddd997972ad480fed",
    "https://deno.land/x/hono@v3.12.4/router/trie-router/router.ts": "54ced78d35676302c8fcdda4204f7bdf5a7cc907fbf9967c75674b1e394f830d",
    "https://deno.land/x/hono@v3.12.4/types.ts": "4cbc25194e89dcd78dd669e616150041f93eae6ad1825a601230bd922b568810",
    "https://deno.land/x/hono@v3.12.4/utils/body.ts": "7a16a6656331a96bcae57642f8d5e3912bd361cbbcc2c0d2157ecc3f218f7a92",
    "https://deno.land/x/hono@v3.12.4/utils/buffer.ts": "9066a973e64498cb262c7e932f47eed525a51677b17f90893862b7279dc0773e",
    "https://deno.land/x/hono@v3.12.4/utils/cookie.ts": "19920ba6756944aae1ad8585c3ddeaa9df479733f59d05359db096f7361e5e4b",
    "https://deno.land/x/hono@v3.12.4/utils/crypto.ts": "bda0e141bbe46d3a4a20f8fbcb6380d473b617123d9fdfa93e4499410b537acc",
    "https://deno.land/x/hono@v3.12.4/utils/encode.ts": "3b7c7d736123b5073542b34321700d4dbf5ff129c138f434bb2144a4d425ee89",
    "https://deno.land/x/hono@v3.12.4/utils/filepath.ts": "18461b055a914d6da85077f453051b516281bb17cf64fa74bf5ef604dc9d2861",
    "https://deno.land/x/hono@v3.12.4/utils/html.ts": "e800e72e2940104e963707edb41a438937693dda8d21bd37a57620e35d36c647",
    "https://deno.land/x/hono@v3.12.4/utils/http-status.ts": "e0c4343ea7717c314dc600131e16b636c29d61cfdaf9df93b267258d1729d1a0",
    "https://deno.land/x/hono@v3.12.4/utils/jwt/index.ts": "5e4b82a42eb3603351dfce726cd781ca41cb57437395409d227131aec348d2d5",
    "https://deno.land/x/hono@v3.12.4/utils/jwt/jwt.ts": "02ff7bbf1298ffcc7a40266842f8eac44b6c136453e32d4441e24d0cbfba3a95",
    "https://deno.land/x/hono@v3.12.4/utils/jwt/types.ts": "58ddf908f76ba18d9c62ddfc2d1e40cc2e306bf987409a6169287efa81ce2546",
    "https://deno.land/x/hono@v3.12.4/utils/mime.ts": "0105d2b5e8e91f07acc70f5d06b388313995d62af23c802fcfba251f5a744d95",
    "https://deno.land/x/hono@v3.12.4/utils/stream.ts": "f3d15ef4e112b1916b104dc4e8481f07e2b950f23ba3dacedfcfb7e76af9a604",
    "https://deno.land/x/hono@v3.12.4/utils/types.ts": "dcbd0047473e87506ae529cdb4a447971159ba11d1d5a14ca6c35af837012a3a",
    "https://deno.land/x/hono@v3.12.4/utils/url.ts": "9d4e937ea75c1a7d37e6216722cb9f0ab42d730d2c318ae8c2701d7591401a33",
    "https://deno.land/x/hono@v3.12.4/validator/index.ts": "6c986e8b91dcf857ecc8164a506ae8eea8665792a4ff7215471df669c632ae7c",
    "https://deno.land/x/hono@v3.12.4/validator/validator.ts": "97fead75b1e3e460d0895d68eab2be6d774f6d1428e2efb8b4df8ba8bb422c3e"
  }
}
